
Microsoft Visual Studio Solution File, Format Version 12.00
# Visual Studio Version 16
VisualStudioVersion = 16.0.31205.134
MinimumVisualStudioVersion = 10.0.40219.1
Project("{FAE04EC0-301F-11D3-BF4B-00C04F79EFBC}") = "GradesManager.Domain", "GradesManager.Domain\GradesManager.Domain.csproj", "{978B3DF1-31B4-4FC7-B81C-C89C4C414B28}"
EndProject
Project("{2150E333-8FDC-42A3-9474-1A3956D46DE8}") = "Data", "Data", "{0826AA18-977A-4ABD-9C29-570C9A2888AD}"
EndProject
Project("{00D1A9C2-B5F0-4AF3-8072-F6C62B433612}") = "GradesManager", "GradesManager\GradesManager.sqlproj", "{AFB7FD7A-5705-4C23-BC34-E09A8C5B1919}"
EndProject
Project("{2150E333-8FDC-42A3-9474-1A3956D46DE8}") = "Base", "Base", "{BCA9BD57-6EA3-4270-8FBF-5D592C1D9A4D}"
EndProject
Project("{FAE04EC0-301F-11D3-BF4B-00C04F79EFBC}") = "Base.Domain", "Base.Domain\Base.Domain.csproj", "{4181E29D-25B1-4D7D-BF18-4721FE17D394}"
EndProject
Project("{FAE04EC0-301F-11D3-BF4B-00C04F79EFBC}") = "GradesManager.Infra", "GradesManager.Infra\GradesManager.Infra.csproj", "{2701860B-C84E-479E-B057-D691A885D80A}"
EndProject
Project("{FAE04EC0-301F-11D3-BF4B-00C04F79EFBC}") = "GradesManager.Infra.Abstractions", "GradesManager.Infra.Abstractions\GradesManager.Infra.Abstractions.csproj", "{5BD27B5A-AABA-4139-A87B-D3B3F7C862F8}"
EndProject
Project("{FAE04EC0-301F-11D3-BF4B-00C04F79EFBC}") = "Base.Infra", "Base.Infra\Base.Infra.csproj", "{F903AEBF-8805-45A0-AD09-8BAE02660F88}"
EndProject
Project("{FAE04EC0-301F-11D3-BF4B-00C04F79EFBC}") = "Base.Infra.Abstractions", "Base.Infra.Abstractions\Base.Infra.Abstractions.csproj", "{65D83E2E-465E-448B-9ADA-CD25BA45E392}"
EndProject
Project("{FAE04EC0-301F-11D3-BF4B-00C04F79EFBC}") = "GradesManager.API", "GradesManager.API\GradesManager.API.csproj", "{3336CC27-5A2C-48D0-969A-CA7A0280BD6D}"
EndProject
Global
	GlobalSection(SolutionConfigurationPlatforms) = preSolution
		Debug|Any CPU = Debug|Any CPU
		Release|Any CPU = Release|Any CPU
	EndGlobalSection
	GlobalSection(ProjectConfigurationPlatforms) = postSolution
		{978B3DF1-31B4-4FC7-B81C-C89C4C414B28}.Debug|Any CPU.ActiveCfg = Debug|Any CPU
		{978B3DF1-31B4-4FC7-B81C-C89C4C414B28}.Debug|Any CPU.Build.0 = Debug|Any CPU
		{978B3DF1-31B4-4FC7-B81C-C89C4C414B28}.Release|Any CPU.ActiveCfg = Release|Any CPU
		{978B3DF1-31B4-4FC7-B81C-C89C4C414B28}.Release|Any CPU.Build.0 = Release|Any CPU
		{AFB7FD7A-5705-4C23-BC34-E09A8C5B1919}.Debug|Any CPU.ActiveCfg = Debug|Any CPU
		{AFB7FD7A-5705-4C23-BC34-E09A8C5B1919}.Debug|Any CPU.Build.0 = Debug|Any CPU
		{AFB7FD7A-5705-4C23-BC34-E09A8C5B1919}.Debug|Any CPU.Deploy.0 = Debug|Any CPU
		{AFB7FD7A-5705-4C23-BC34-E09A8C5B1919}.Release|Any CPU.ActiveCfg = Release|Any CPU
		{AFB7FD7A-5705-4C23-BC34-E09A8C5B1919}.Release|Any CPU.Build.0 = Release|Any CPU
		{AFB7FD7A-5705-4C23-BC34-E09A8C5B1919}.Release|Any CPU.Deploy.0 = Release|Any CPU
		{4181E29D-25B1-4D7D-BF18-4721FE17D394}.Debug|Any CPU.ActiveCfg = Debug|Any CPU
		{4181E29D-25B1-4D7D-BF18-4721FE17D394}.Debug|Any CPU.Build.0 = Debug|Any CPU
		{4181E29D-25B1-4D7D-BF18-4721FE17D394}.Release|Any CPU.ActiveCfg = Release|Any CPU
		{4181E29D-25B1-4D7D-BF18-4721FE17D394}.Release|Any CPU.Build.0 = Release|Any CPU
		{2701860B-C84E-479E-B057-D691A885D80A}.Debug|Any CPU.ActiveCfg = Debug|Any CPU
		{2701860B-C84E-479E-B057-D691A885D80A}.Debug|Any CPU.Build.0 = Debug|Any CPU
		{2701860B-C84E-479E-B057-D691A885D80A}.Release|Any CPU.ActiveCfg = Release|Any CPU
		{2701860B-C84E-479E-B057-D691A885D80A}.Release|Any CPU.Build.0 = Release|Any CPU
		{5BD27B5A-AABA-4139-A87B-D3B3F7C862F8}.Debug|Any CPU.ActiveCfg = Debug|Any CPU
		{5BD27B5A-AABA-4139-A87B-D3B3F7C862F8}.Debug|Any CPU.Build.0 = Debug|Any CPU
		{5BD27B5A-AABA-4139-A87B-D3B3F7C862F8}.Release|Any CPU.ActiveCfg = Release|Any CPU
		{5BD27B5A-AABA-4139-A87B-D3B3F7C862F8}.Release|Any CPU.Build.0 = Release|Any CPU
		{F903AEBF-8805-45A0-AD09-8BAE02660F88}.Debug|Any CPU.ActiveCfg = Debug|Any CPU
		{F903AEBF-8805-45A0-AD09-8BAE02660F88}.Debug|Any CPU.Build.0 = Debug|Any CPU
		{F903AEBF-8805-45A0-AD09-8BAE02660F88}.Release|Any CPU.ActiveCfg = Release|Any CPU
		{F903AEBF-8805-45A0-AD09-8BAE02660F88}.Release|Any CPU.Build.0 = Release|Any CPU
		{65D83E2E-465E-448B-9ADA-CD25BA45E392}.Debug|Any CPU.ActiveCfg = Debug|Any CPU
		{65D83E2E-465E-448B-9ADA-CD25BA45E392}.Debug|Any CPU.Build.0 = Debug|Any CPU
		{65D83E2E-465E-448B-9ADA-CD25BA45E392}.Release|Any CPU.ActiveCfg = Release|Any CPU
		{65D83E2E-465E-448B-9ADA-CD25BA45E392}.Release|Any CPU.Build.0 = Release|Any CPU
		{3336CC27-5A2C-48D0-969A-CA7A0280BD6D}.Debug|Any CPU.ActiveCfg = Debug|Any CPU
		{3336CC27-5A2C-48D0-969A-CA7A0280BD6D}.Debug|Any CPU.Build.0 = Debug|Any CPU
		{3336CC27-5A2C-48D0-969A-CA7A0280BD6D}.Release|Any CPU.ActiveCfg = Release|Any CPU
		{3336CC27-5A2C-48D0-969A-CA7A0280BD6D}.Release|Any CPU.Build.0 = Release|Any CPU
	EndGlobalSection
	GlobalSection(SolutionProperties) = preSolution
		HideSolutionNode = FALSE
	EndGlobalSection
	GlobalSection(NestedProjects) = preSolution
		{AFB7FD7A-5705-4C23-BC34-E09A8C5B1919} = {0826AA18-977A-4ABD-9C29-570C9A2888AD}
		{4181E29D-25B1-4D7D-BF18-4721FE17D394} = {BCA9BD57-6EA3-4270-8FBF-5D592C1D9A4D}
		{F903AEBF-8805-45A0-AD09-8BAE02660F88} = {BCA9BD57-6EA3-4270-8FBF-5D592C1D9A4D}
		{65D83E2E-465E-448B-9ADA-CD25BA45E392} = {BCA9BD57-6EA3-4270-8FBF-5D592C1D9A4D}
	EndGlobalSection
	GlobalSection(ExtensibilityGlobals) = postSolution
		SolutionGuid = {FDD65553-596E-4CA5-9121-AEEE6A5DB278}
	EndGlobalSection
EndGlobal
